
Microsoft Visual Studio Solution File, Format Version 12.00
# Visual Studio Version 16
VisualStudioVersion = 16.0.29001.49
MinimumVisualStudioVersion = 10.0.40219.1
Project("{9A19103F-16F7-4668-BE54-9A1E7A4F7556}") = "EmployeeManagement.Desktop.Tests", "EmployeeManagement.Desktop.Tests\EmployeeManagement.Desktop.Tests.csproj", "{4DAE41F7-700D-4DE3-856C-6BD01B546AF9}"
EndProject
Project("{9A19103F-16F7-4668-BE54-9A1E7A4F7556}") = "EmployeeManagement.Core", "EmployeeManagement.Core\EmployeeManagement.Core.csproj", "{6E968080-F624-4321-A182-113290B6D2F5}"
EndProject
Project("{9A19103F-16F7-4668-BE54-9A1E7A4F7556}") = "EmployeeManagement.Services", "EmployeeManagement.Services\EmployeeManagement.Services.csproj", "{241FFBE6-1959-428C-B043-E7EB021D398C}"
EndProject
Project("{9A19103F-16F7-4668-BE54-9A1E7A4F7556}") = "EmployeeManagement.Desktop", "EmployeeManagement.Desktop\EmployeeManagement.Desktop.csproj", "{60DCF4BD-5F8C-4D45-B6DA-E3DF7662A9ED}"
EndProject
Global
	GlobalSection(SolutionConfigurationPlatforms) = preSolution
		Debug|Any CPU = Debug|Any CPU
		Release|Any CPU = Release|Any CPU
	EndGlobalSection
	GlobalSection(ProjectConfigurationPlatforms) = postSolution
		{4DAE41F7-700D-4DE3-856C-6BD01B546AF9}.Debug|Any CPU.ActiveCfg = Debug|Any CPU
		{4DAE41F7-700D-4DE3-856C-6BD01B546AF9}.Debug|Any CPU.Build.0 = Debug|Any CPU
		{4DAE41F7-700D-4DE3-856C-6BD01B546AF9}.Release|Any CPU.ActiveCfg = Release|Any CPU
		{4DAE41F7-700D-4DE3-856C-6BD01B546AF9}.Release|Any CPU.Build.0 = Release|Any CPU
		{6E968080-F624-4321-A182-113290B6D2F5}.Debug|Any CPU.ActiveCfg = Debug|Any CPU
		{6E968080-F624-4321-A182-113290B6D2F5}.Debug|Any CPU.Build.0 = Debug|Any CPU
		{6E968080-F624-4321-A182-113290B6D2F5}.Release|Any CPU.ActiveCfg = Release|Any CPU
		{6E968080-F624-4321-A182-113290B6D2F5}.Release|Any CPU.Build.0 = Release|Any CPU
		{241FFBE6-1959-428C-B043-E7EB021D398C}.Debug|Any CPU.ActiveCfg = Debug|Any CPU
		{241FFBE6-1959-428C-B043-E7EB021D398C}.Debug|Any CPU.Build.0 = Debug|Any CPU
		{241FFBE6-1959-428C-B043-E7EB021D398C}.Release|Any CPU.ActiveCfg = Release|Any CPU
		{241FFBE6-1959-428C-B043-E7EB021D398C}.Release|Any CPU.Build.0 = Release|Any CPU
		{60DCF4BD-5F8C-4D45-B6DA-E3DF7662A9ED}.Debug|Any CPU.ActiveCfg = Debug|Any CPU
		{60DCF4BD-5F8C-4D45-B6DA-E3DF7662A9ED}.Debug|Any CPU.Build.0 = Debug|Any CPU
		{60DCF4BD-5F8C-4D45-B6DA-E3DF7662A9ED}.Release|Any CPU.ActiveCfg = Release|Any CPU
		{60DCF4BD-5F8C-4D45-B6DA-E3DF7662A9ED}.Release|Any CPU.Build.0 = Release|Any CPU
	EndGlobalSection
	GlobalSection(SolutionProperties) = preSolution
		HideSolutionNode = FALSE
	EndGlobalSection
	GlobalSection(ExtensibilityGlobals) = postSolution
		SolutionGuid = {881A71E5-6936-4245-BE06-763BCBEF5B6E}
	EndGlobalSection
EndGlobal
