
Microsoft Visual Studio Solution File, Format Version 12.00
# Visual Studio Version 16
VisualStudioVersion = 16.0.29001.49
MinimumVisualStudioVersion = 10.0.40219.1
Project("{9A19103F-16F7-4668-BE54-9A1E7A4F7556}") = "EmployeeManagement.Core", "EmployeeManagement.Core\EmployeeManagement.Core.csproj", "{411694D8-B5B6-46C0-86F7-C8B61565BA29}"
EndProject
Project("{9A19103F-16F7-4668-BE54-9A1E7A4F7556}") = "EmployeeManagement.API", "EmployeeManagement.API\EmployeeManagement.API.csproj", "{A203391F-8C09-4AFC-A11F-27CEBE987C64}"
EndProject
Project("{9A19103F-16F7-4668-BE54-9A1E7A4F7556}") = "EmployeeManagement.Services", "EmployeeManagement.Services\EmployeeManagement.Services.csproj", "{C1107090-BB27-4BBC-9BCB-0AC3D729228F}"
EndProject
Global
	GlobalSection(SolutionConfigurationPlatforms) = preSolution
		Debug|Any CPU = Debug|Any CPU
		Release|Any CPU = Release|Any CPU
	EndGlobalSection
	GlobalSection(ProjectConfigurationPlatforms) = postSolution
		{411694D8-B5B6-46C0-86F7-C8B61565BA29}.Debug|Any CPU.ActiveCfg = Debug|Any CPU
		{411694D8-B5B6-46C0-86F7-C8B61565BA29}.Debug|Any CPU.Build.0 = Debug|Any CPU
		{411694D8-B5B6-46C0-86F7-C8B61565BA29}.Release|Any CPU.ActiveCfg = Release|Any CPU
		{411694D8-B5B6-46C0-86F7-C8B61565BA29}.Release|Any CPU.Build.0 = Release|Any CPU
		{A203391F-8C09-4AFC-A11F-27CEBE987C64}.Debug|Any CPU.ActiveCfg = Debug|Any CPU
		{A203391F-8C09-4AFC-A11F-27CEBE987C64}.Debug|Any CPU.Build.0 = Debug|Any CPU
		{A203391F-8C09-4AFC-A11F-27CEBE987C64}.Release|Any CPU.ActiveCfg = Release|Any CPU
		{A203391F-8C09-4AFC-A11F-27CEBE987C64}.Release|Any CPU.Build.0 = Release|Any CPU
		{C1107090-BB27-4BBC-9BCB-0AC3D729228F}.Debug|Any CPU.ActiveCfg = Debug|Any CPU
		{C1107090-BB27-4BBC-9BCB-0AC3D729228F}.Debug|Any CPU.Build.0 = Debug|Any CPU
		{C1107090-BB27-4BBC-9BCB-0AC3D729228F}.Release|Any CPU.ActiveCfg = Release|Any CPU
		{C1107090-BB27-4BBC-9BCB-0AC3D729228F}.Release|Any CPU.Build.0 = Release|Any CPU
	EndGlobalSection
	GlobalSection(SolutionProperties) = preSolution
		HideSolutionNode = FALSE
	EndGlobalSection
	GlobalSection(ExtensibilityGlobals) = postSolution
		SolutionGuid = {27002349-6A30-4B97-8ECB-B769F96D0944}
	EndGlobalSection
EndGlobal
